# generated by rye
# use `rye lock` or `rye sync` to update this lockfile
#
# last locked with the following flags:
#   pre: false
#   features: []
#   all-features: false
#   with-sources: false
#   generate-hashes: false
#   universal: false

-e file:.
altair==5.4.1
    # via solver-analytics
    # via vegafusion
anyio==4.6.0
    # via starlette
asttokens==2.4.1
    # via stack-data
attrs==24.2.0
    # via jsonschema
    # via referencing
click==8.1.7
    # via marimo
    # via uvicorn
comm==0.2.2
    # via ipykernel
debugpy==1.8.6
    # via ipykernel
decorator==5.1.1
    # via ipython
docutils==0.21.2
    # via marimo
executing==2.1.0
    # via stack-data
h11==0.14.0
    # via uvicorn
hypermanager==0.1.3
    # via solver-analytics
hypersync==0.8.3
    # via hypermanager
idna==3.10
    # via anyio
ipykernel==6.29.5
    # via solver-analytics
ipython==8.27.0
    # via ipykernel
itsdangerous==2.2.0
    # via marimo
jedi==0.19.1
    # via ipython
    # via marimo
jinja2==3.1.4
    # via altair
jsonschema==4.23.0
    # via altair
jsonschema-specifications==2023.12.1
    # via jsonschema
jupyter-client==8.6.3
    # via ipykernel
jupyter-core==5.7.2
    # via ipykernel
    # via jupyter-client
marimo==0.8.22
    # via solver-analytics
markdown==3.7
    # via marimo
    # via pymdown-extensions
markupsafe==2.1.5
    # via jinja2
matplotlib-inline==0.1.7
    # via ipykernel
    # via ipython
narwhals==1.8.4
    # via altair
nest-asyncio==1.6.0
    # via ipykernel
numpy==2.1.1
    # via pandas
    # via pyarrow
packaging==24.1
    # via altair
    # via ipykernel
    # via marimo
pandas==2.2.3
    # via vegafusion
parso==0.8.4
    # via jedi
pexpect==4.9.0
    # via ipython
platformdirs==4.3.6
    # via jupyter-core
polars==1.8.2
    # via hypermanager
    # via solver-analytics
prompt-toolkit==3.0.48
    # via ipython
protobuf==5.28.2
    # via vegafusion
psutil==6.0.0
    # via ipykernel
    # via marimo
    # via vegafusion
ptyprocess==0.7.0
    # via pexpect
pure-eval==0.2.3
    # via stack-data
pyarrow==17.0.0
    # via hypermanager
    # via solver-analytics
    # via vegafusion
pygments==2.18.0
    # via ipython
    # via marimo
pymdown-extensions==10.11.1
    # via marimo
python-dateutil==2.9.0.post0
    # via jupyter-client
    # via pandas
pytz==2024.2
    # via pandas
pyyaml==6.0.2
    # via marimo
    # via pymdown-extensions
pyzmq==26.2.0
    # via ipykernel
    # via jupyter-client
referencing==0.35.1
    # via jsonschema
    # via jsonschema-specifications
rpds-py==0.20.0
    # via jsonschema
    # via referencing
ruff==0.6.8
    # via marimo
six==1.16.0
    # via asttokens
    # via python-dateutil
sniffio==1.3.1
    # via anyio
stack-data==0.6.3
    # via ipython
starlette==0.39.2
    # via marimo
strenum==0.4.15
    # via hypersync
tomlkit==0.13.2
    # via marimo
tornado==6.4.1
    # via ipykernel
    # via jupyter-client
traitlets==5.14.3
    # via comm
    # via ipykernel
    # via ipython
    # via jupyter-client
    # via jupyter-core
    # via matplotlib-inline
typing-extensions==4.12.2
    # via altair
tzdata==2024.2
    # via pandas
uvicorn==0.31.0
    # via marimo
vegafusion==1.6.9
    # via solver-analytics
vegafusion-python-embed==1.6.9
    # via vegafusion
vl-convert-python==1.6.1
    # via vegafusion
wcwidth==0.2.13
    # via prompt-toolkit
websockets==12.0
    # via marimo
